
Microsoft Visual Studio Solution File, Format Version 9.00
# Visual Studio 2005
Project("{8BC9CEB8-8B4A-11D0-8D11-00A0C91BC942}") = "Ip3", "Ip3\Ip3.vcproj", "{0CB2D56A-2FD3-4D2B-BE69-62F96C6468AA}"
EndProject
Global
	GlobalSection(SolutionConfigurationPlatforms) = preSolution
		Debug|Win32 = Debug|Win32
		Release|Win32 = Release|Win32
	EndGlobalSection
	GlobalSection(ProjectConfigurationPlatforms) = postSolution
		{0CB2D56A-2FD3-4D2B-BE69-62F96C6468AA}.Debug|Win32.ActiveCfg = Debug|Win32
		{0CB2D56A-2FD3-4D2B-BE69-62F96C6468AA}.Debug|Win32.Build.0 = Debug|Win32
		{0CB2D56A-2FD3-4D2B-BE69-62F96C6468AA}.Release|Win32.ActiveCfg = Release|Win32
		{0CB2D56A-2FD3-4D2B-BE69-62F96C6468AA}.Release|Win32.Build.0 = Release|Win32
	EndGlobalSection
	GlobalSection(SolutionProperties) = preSolution
		HideSolutionNode = FALSE
	EndGlobalSection
EndGlobal
